
Microsoft Visual Studio Solution File, Format Version 12.00
# Visual Studio 2017
Project("{FAE04EC0-301F-11D3-BF4B-00C04F79EFBC}") = "Faceware_ImagineRIT2018", "Faceware_ImagineRIT2018.csproj", "{5AF18674-EAEC-1A2C-E3B1-599CC535CB5D}"
EndProject
Project("{FAE04EC0-301F-11D3-BF4B-00C04F79EFBC}") = "Faceware_ImagineRIT2018.Plugins", "Faceware_ImagineRIT2018.Plugins.csproj", "{A7FDADC1-CE85-B1D9-A978-B61743EC9562}"
EndProject
Project("{FAE04EC0-301F-11D3-BF4B-00C04F79EFBC}") = "Faceware_ImagineRIT2018.Editor", "Faceware_ImagineRIT2018.Editor.csproj", "{0FA2B5D2-F8A5-F009-F65F-A3E79DEEA6FA}"
EndProject
Global
	GlobalSection(SolutionConfigurationPlatforms) = preSolution
		Debug|Any CPU = Debug|Any CPU
		Release|Any CPU = Release|Any CPU
	EndGlobalSection
	GlobalSection(ProjectConfigurationPlatforms) = postSolution
		{5AF18674-EAEC-1A2C-E3B1-599CC535CB5D}.Debug|Any CPU.ActiveCfg = Debug|Any CPU
		{5AF18674-EAEC-1A2C-E3B1-599CC535CB5D}.Debug|Any CPU.Build.0 = Debug|Any CPU
		{5AF18674-EAEC-1A2C-E3B1-599CC535CB5D}.Release|Any CPU.ActiveCfg = Release|Any CPU
		{5AF18674-EAEC-1A2C-E3B1-599CC535CB5D}.Release|Any CPU.Build.0 = Release|Any CPU
		{A7FDADC1-CE85-B1D9-A978-B61743EC9562}.Debug|Any CPU.ActiveCfg = Debug|Any CPU
		{A7FDADC1-CE85-B1D9-A978-B61743EC9562}.Debug|Any CPU.Build.0 = Debug|Any CPU
		{A7FDADC1-CE85-B1D9-A978-B61743EC9562}.Release|Any CPU.ActiveCfg = Release|Any CPU
		{A7FDADC1-CE85-B1D9-A978-B61743EC9562}.Release|Any CPU.Build.0 = Release|Any CPU
		{0FA2B5D2-F8A5-F009-F65F-A3E79DEEA6FA}.Debug|Any CPU.ActiveCfg = Debug|Any CPU
		{0FA2B5D2-F8A5-F009-F65F-A3E79DEEA6FA}.Debug|Any CPU.Build.0 = Debug|Any CPU
		{0FA2B5D2-F8A5-F009-F65F-A3E79DEEA6FA}.Release|Any CPU.ActiveCfg = Release|Any CPU
		{0FA2B5D2-F8A5-F009-F65F-A3E79DEEA6FA}.Release|Any CPU.Build.0 = Release|Any CPU
	EndGlobalSection
	GlobalSection(SolutionProperties) = preSolution
		HideSolutionNode = FALSE
	EndGlobalSection
EndGlobal
